// !$*UTF8*$!
{
	archiveVersion = 1;
	classes = {
	};
	objectVersion = 50;
	objects = {

/* Begin PBXBuildFile section */
		6B0C20A2265D61100015283C /* AppDelegate.swift in Sources */ = {isa = PBXBuildFile; fileRef = 6B0C20A1265D61100015283C /* AppDelegate.swift */; };
		6B0C20A4265D61100015283C /* SceneDelegate.swift in Sources */ = {isa = PBXBuildFile; fileRef = 6B0C20A3265D61100015283C /* SceneDelegate.swift */; };
		6B0C20A9265D61100015283C /* Main.storyboard in Resources */ = {isa = PBXBuildFile; fileRef = 6B0C20A7265D61100015283C /* Main.storyboard */; };
		6B0C20AC265D61100015283C /* Reciplease.xcdatamodeld in Sources */ = {isa = PBXBuildFile; fileRef = 6B0C20AA265D61100015283C /* Reciplease.xcdatamodeld */; };
		6B0C20AE265D61110015283C /* Assets.xcassets in Resources */ = {isa = PBXBuildFile; fileRef = 6B0C20AD265D61110015283C /* Assets.xcassets */; };
		6B0C20B1265D61110015283C /* LaunchScreen.storyboard in Resources */ = {isa = PBXBuildFile; fileRef = 6B0C20AF265D61110015283C /* LaunchScreen.storyboard */; };
		6B0C20BC265D61120015283C /* RecipleaseTests.swift in Sources */ = {isa = PBXBuildFile; fileRef = 6B0C20BB265D61120015283C /* RecipleaseTests.swift */; };
		6B0C20C7265D61120015283C /* RecipleaseUITests.swift in Sources */ = {isa = PBXBuildFile; fileRef = 6B0C20C6265D61120015283C /* RecipleaseUITests.swift */; };
		6B0C20DB265D65FF0015283C /* Montserrat-Regular.ttf in Resources */ = {isa = PBXBuildFile; fileRef = 6B0C20DA265D65FF0015283C /* Montserrat-Regular.ttf */; };
		6B0C20DD265D67290015283C /* Montserrat-SemiBold.ttf in Resources */ = {isa = PBXBuildFile; fileRef = 6B0C20DC265D67290015283C /* Montserrat-SemiBold.ttf */; };
		6B0C20DF265D6BA10015283C /* SearchViewController.swift in Sources */ = {isa = PBXBuildFile; fileRef = 6B0C20DE265D6BA10015283C /* SearchViewController.swift */; };
		6B0C20E1265D83720015283C /* CustomUIButton.swift in Sources */ = {isa = PBXBuildFile; fileRef = 6B0C20E0265D83720015283C /* CustomUIButton.swift */; };
		6B0C20E3265D9E080015283C /* IngredientCell.swift in Sources */ = {isa = PBXBuildFile; fileRef = 6B0C20E2265D9E080015283C /* IngredientCell.swift */; };
		6B0C20E5265DA59C0015283C /* ListCustomView.swift in Sources */ = {isa = PBXBuildFile; fileRef = 6B0C20E4265DA59C0015283C /* ListCustomView.swift */; };
		6B475328265E9EF800D977A0 /* RecipeListCell.swift in Sources */ = {isa = PBXBuildFile; fileRef = 6B475327265E9EF800D977A0 /* RecipeListCell.swift */; };
		6B6BE16A265EA3A100F3B95F /* RecipeListViewController.swift in Sources */ = {isa = PBXBuildFile; fileRef = 6B6BE169265EA3A100F3B95F /* RecipeListViewController.swift */; };
		6B7946C426711AF20050318B /* RecipeCoreData+CoreDataClass.swift in Sources */ = {isa = PBXBuildFile; fileRef = 6B7946C226711AF20050318B /* RecipeCoreData+CoreDataClass.swift */; };
		6B7946C726711B570050318B /* Recipe.swift in Sources */ = {isa = PBXBuildFile; fileRef = 6B7946C626711B570050318B /* Recipe.swift */; };
		6B882039266783D000300256 /* ViewController.swift in Sources */ = {isa = PBXBuildFile; fileRef = 6B882038266783D000300256 /* ViewController.swift */; };
		6B88203B2667D5D900300256 /* RecipeList.swift in Sources */ = {isa = PBXBuildFile; fileRef = 6B88203A2667D5D900300256 /* RecipeList.swift */; };
		6B88203D2667D7D400300256 /* RecipeSearchProtocol.swift in Sources */ = {isa = PBXBuildFile; fileRef = 6B88203C2667D7D400300256 /* RecipeSearchProtocol.swift */; };
		6B88203F2667D81900300256 /* MockSearchService.swift in Sources */ = {isa = PBXBuildFile; fileRef = 6B88203E2667D81900300256 /* MockSearchService.swift */; };
		6B8820412667DAFC00300256 /* Search.swift in Sources */ = {isa = PBXBuildFile; fileRef = 6B8820402667DAFC00300256 /* Search.swift */; };
		6B8820432667DBFF00300256 /* SearchService.swift in Sources */ = {isa = PBXBuildFile; fileRef = 6B8820422667DBFF00300256 /* SearchService.swift */; };
		6BA0D560265EBDBF00C6DBB1 /* RecipeViewController.swift in Sources */ = {isa = PBXBuildFile; fileRef = 6BA0D55F265EBDBF00C6DBB1 /* RecipeViewController.swift */; };
/* End PBXBuildFile section */

/* Begin PBXContainerItemProxy section */
		6B0C20B8265D61120015283C /* PBXContainerItemProxy */ = {
			isa = PBXContainerItemProxy;
			containerPortal = 6B0C2096265D61100015283C /* Project object */;
			proxyType = 1;
			remoteGlobalIDString = 6B0C209D265D61100015283C;
			remoteInfo = Reciplease;
		};
		6B0C20C3265D61120015283C /* PBXContainerItemProxy */ = {
			isa = PBXContainerItemProxy;
			containerPortal = 6B0C2096265D61100015283C /* Project object */;
			proxyType = 1;
			remoteGlobalIDString = 6B0C209D265D61100015283C;
			remoteInfo = Reciplease;
		};
/* End PBXContainerItemProxy section */

/* Begin PBXFileReference section */
		6B0C209E265D61100015283C /* Reciplease.app */ = {isa = PBXFileReference; explicitFileType = wrapper.application; includeInIndex = 0; path = Reciplease.app; sourceTree = BUILT_PRODUCTS_DIR; };
		6B0C20A1265D61100015283C /* AppDelegate.swift */ = {isa = PBXFileReference; lastKnownFileType = sourcecode.swift; path = AppDelegate.swift; sourceTree = "<group>"; };
		6B0C20A3265D61100015283C /* SceneDelegate.swift */ = {isa = PBXFileReference; lastKnownFileType = sourcecode.swift; path = SceneDelegate.swift; sourceTree = "<group>"; };
		6B0C20A8265D61100015283C /* Base */ = {isa = PBXFileReference; lastKnownFileType = file.storyboard; name = Base; path = Base.lproj/Main.storyboard; sourceTree = "<group>"; };
		6B0C20AB265D61100015283C /* Reciplease.xcdatamodel */ = {isa = PBXFileReference; lastKnownFileType = wrapper.xcdatamodel; path = Reciplease.xcdatamodel; sourceTree = "<group>"; };
		6B0C20AD265D61110015283C /* Assets.xcassets */ = {isa = PBXFileReference; lastKnownFileType = folder.assetcatalog; path = Assets.xcassets; sourceTree = "<group>"; };
		6B0C20B0265D61110015283C /* Base */ = {isa = PBXFileReference; lastKnownFileType = file.storyboard; name = Base; path = Base.lproj/LaunchScreen.storyboard; sourceTree = "<group>"; };
		6B0C20B2265D61110015283C /* Info.plist */ = {isa = PBXFileReference; lastKnownFileType = text.plist.xml; path = Info.plist; sourceTree = "<group>"; };
		6B0C20B7265D61120015283C /* RecipleaseTests.xctest */ = {isa = PBXFileReference; explicitFileType = wrapper.cfbundle; includeInIndex = 0; path = RecipleaseTests.xctest; sourceTree = BUILT_PRODUCTS_DIR; };
		6B0C20BB265D61120015283C /* RecipleaseTests.swift */ = {isa = PBXFileReference; lastKnownFileType = sourcecode.swift; path = RecipleaseTests.swift; sourceTree = "<group>"; };
		6B0C20BD265D61120015283C /* Info.plist */ = {isa = PBXFileReference; lastKnownFileType = text.plist.xml; path = Info.plist; sourceTree = "<group>"; };
		6B0C20C2265D61120015283C /* RecipleaseUITests.xctest */ = {isa = PBXFileReference; explicitFileType = wrapper.cfbundle; includeInIndex = 0; path = RecipleaseUITests.xctest; sourceTree = BUILT_PRODUCTS_DIR; };
		6B0C20C6265D61120015283C /* RecipleaseUITests.swift */ = {isa = PBXFileReference; lastKnownFileType = sourcecode.swift; path = RecipleaseUITests.swift; sourceTree = "<group>"; };
		6B0C20C8265D61120015283C /* Info.plist */ = {isa = PBXFileReference; lastKnownFileType = text.plist.xml; path = Info.plist; sourceTree = "<group>"; };
		6B0C20DA265D65FF0015283C /* Montserrat-Regular.ttf */ = {isa = PBXFileReference; lastKnownFileType = file; path = "Montserrat-Regular.ttf"; sourceTree = "<group>"; };
		6B0C20DC265D67290015283C /* Montserrat-SemiBold.ttf */ = {isa = PBXFileReference; lastKnownFileType = file; path = "Montserrat-SemiBold.ttf"; sourceTree = "<group>"; };
		6B0C20DE265D6BA10015283C /* SearchViewController.swift */ = {isa = PBXFileReference; lastKnownFileType = sourcecode.swift; path = SearchViewController.swift; sourceTree = "<group>"; };
		6B0C20E0265D83720015283C /* CustomUIButton.swift */ = {isa = PBXFileReference; lastKnownFileType = sourcecode.swift; path = CustomUIButton.swift; sourceTree = "<group>"; };
		6B0C20E2265D9E080015283C /* IngredientCell.swift */ = {isa = PBXFileReference; lastKnownFileType = sourcecode.swift; path = IngredientCell.swift; sourceTree = "<group>"; };
		6B0C20E4265DA59C0015283C /* ListCustomView.swift */ = {isa = PBXFileReference; lastKnownFileType = sourcecode.swift; path = ListCustomView.swift; sourceTree = "<group>"; };
		6B475327265E9EF800D977A0 /* RecipeListCell.swift */ = {isa = PBXFileReference; lastKnownFileType = sourcecode.swift; path = RecipeListCell.swift; sourceTree = "<group>"; };
		6B6BE169265EA3A100F3B95F /* RecipeListViewController.swift */ = {isa = PBXFileReference; lastKnownFileType = sourcecode.swift; path = RecipeListViewController.swift; sourceTree = "<group>"; };
		6B7946C226711AF20050318B /* RecipeCoreData+CoreDataClass.swift */ = {isa = PBXFileReference; lastKnownFileType = sourcecode.swift; path = "RecipeCoreData+CoreDataClass.swift"; sourceTree = "<group>"; };
		6B7946C626711B570050318B /* Recipe.swift */ = {isa = PBXFileReference; lastKnownFileType = sourcecode.swift; path = Recipe.swift; sourceTree = "<group>"; };
		6B882038266783D000300256 /* ViewController.swift */ = {isa = PBXFileReference; lastKnownFileType = sourcecode.swift; path = ViewController.swift; sourceTree = "<group>"; };
		6B88203A2667D5D900300256 /* RecipeList.swift */ = {isa = PBXFileReference; lastKnownFileType = sourcecode.swift; path = RecipeList.swift; sourceTree = "<group>"; };
		6B88203C2667D7D400300256 /* RecipeSearchProtocol.swift */ = {isa = PBXFileReference; lastKnownFileType = sourcecode.swift; path = RecipeSearchProtocol.swift; sourceTree = "<group>"; };
		6B88203E2667D81900300256 /* MockSearchService.swift */ = {isa = PBXFileReference; lastKnownFileType = sourcecode.swift; path = MockSearchService.swift; sourceTree = "<group>"; };
		6B8820402667DAFC00300256 /* Search.swift */ = {isa = PBXFileReference; lastKnownFileType = sourcecode.swift; path = Search.swift; sourceTree = "<group>"; };
		6B8820422667DBFF00300256 /* SearchService.swift */ = {isa = PBXFileReference; lastKnownFileType = sourcecode.swift; path = SearchService.swift; sourceTree = "<group>"; };
		6BA0D55F265EBDBF00C6DBB1 /* RecipeViewController.swift */ = {isa = PBXFileReference; lastKnownFileType = sourcecode.swift; path = RecipeViewController.swift; sourceTree = "<group>"; };
/* End PBXFileReference section */

/* Begin PBXFrameworksBuildPhase section */
		6B0C209B265D61100015283C /* Frameworks */ = {
			isa = PBXFrameworksBuildPhase;
			buildActionMask = 2147483647;
			files = (
			);
			runOnlyForDeploymentPostprocessing = 0;
		};
		6B0C20B4265D61120015283C /* Frameworks */ = {
			isa = PBXFrameworksBuildPhase;
			buildActionMask = 2147483647;
			files = (
			);
			runOnlyForDeploymentPostprocessing = 0;
		};
		6B0C20BF265D61120015283C /* Frameworks */ = {
			isa = PBXFrameworksBuildPhase;
			buildActionMask = 2147483647;
			files = (
			);
			runOnlyForDeploymentPostprocessing = 0;
		};
/* End PBXFrameworksBuildPhase section */

/* Begin PBXGroup section */
		6B0C2095265D61100015283C = {
			isa = PBXGroup;
			children = (
				6B0C20A0265D61100015283C /* Reciplease */,
				6B0C20BA265D61120015283C /* RecipleaseTests */,
				6B0C20C5265D61120015283C /* RecipleaseUITests */,
				6B0C209F265D61100015283C /* Products */,
			);
			sourceTree = "<group>";
		};
		6B0C209F265D61100015283C /* Products */ = {
			isa = PBXGroup;
			children = (
				6B0C209E265D61100015283C /* Reciplease.app */,
				6B0C20B7265D61120015283C /* RecipleaseTests.xctest */,
				6B0C20C2265D61120015283C /* RecipleaseUITests.xctest */,
			);
			name = Products;
			sourceTree = "<group>";
		};
		6B0C20A0265D61100015283C /* Reciplease */ = {
			isa = PBXGroup;
			children = (
				6B0C20DC265D67290015283C /* Montserrat-SemiBold.ttf */,
				6B0C20DA265D65FF0015283C /* Montserrat-Regular.ttf */,
				6B0C20B2265D61110015283C /* Info.plist */,
				6B0C20D8265D61670015283C /* Model */,
				6B0C20D7265D61610015283C /* View */,
				6B0C20D6265D61590015283C /* Controller */,
				6B0C20D9265D61700015283C /* Support */,
			);
			path = Reciplease;
			sourceTree = "<group>";
		};
		6B0C20BA265D61120015283C /* RecipleaseTests */ = {
			isa = PBXGroup;
			children = (
				6B0C20BB265D61120015283C /* RecipleaseTests.swift */,
				6B0C20BD265D61120015283C /* Info.plist */,
				6B88203E2667D81900300256 /* MockSearchService.swift */,
			);
			path = RecipleaseTests;
			sourceTree = "<group>";
		};
		6B0C20C5265D61120015283C /* RecipleaseUITests */ = {
			isa = PBXGroup;
			children = (
				6B0C20C6265D61120015283C /* RecipleaseUITests.swift */,
				6B0C20C8265D61120015283C /* Info.plist */,
			);
			path = RecipleaseUITests;
			sourceTree = "<group>";
		};
		6B0C20D6265D61590015283C /* Controller */ = {
			isa = PBXGroup;
			children = (
				6B0C20DE265D6BA10015283C /* SearchViewController.swift */,
				6B6BE169265EA3A100F3B95F /* RecipeListViewController.swift */,
				6BA0D55F265EBDBF00C6DBB1 /* RecipeViewController.swift */,
				6B882038266783D000300256 /* ViewController.swift */,
			);
			path = Controller;
			sourceTree = "<group>";
		};
		6B0C20D7265D61610015283C /* View */ = {
			isa = PBXGroup;
			children = (
				6B0C20A7265D61100015283C /* Main.storyboard */,
				6B0C20E0265D83720015283C /* CustomUIButton.swift */,
				6B0C20E2265D9E080015283C /* IngredientCell.swift */,
				6B0C20E4265DA59C0015283C /* ListCustomView.swift */,
				6B475327265E9EF800D977A0 /* RecipeListCell.swift */,
			);
			path = View;
			sourceTree = "<group>";
		};
		6B0C20D8265D61670015283C /* Model */ = {
			isa = PBXGroup;
			children = (
				6B0C20AA265D61100015283C /* Reciplease.xcdatamodeld */,
				6B7946C226711AF20050318B /* RecipeCoreData+CoreDataClass.swift */,
				6B88203A2667D5D900300256 /* RecipeList.swift */,
				6B7946C626711B570050318B /* Recipe.swift */,
				6B88203C2667D7D400300256 /* RecipeSearchProtocol.swift */,
				6B8820402667DAFC00300256 /* Search.swift */,
				6B8820422667DBFF00300256 /* SearchService.swift */,
			);
			path = Model;
			sourceTree = "<group>";
		};
		6B0C20D9265D61700015283C /* Support */ = {
			isa = PBXGroup;
			children = (
				6B0C20A1265D61100015283C /* AppDelegate.swift */,
				6B0C20A3265D61100015283C /* SceneDelegate.swift */,
				6B0C20AD265D61110015283C /* Assets.xcassets */,
				6B0C20AF265D61110015283C /* LaunchScreen.storyboard */,
			);
			path = Support;
			sourceTree = "<group>";
		};
/* End PBXGroup section */

/* Begin PBXNativeTarget section */
		6B0C209D265D61100015283C /* Reciplease */ = {
			isa = PBXNativeTarget;
			buildConfigurationList = 6B0C20CB265D61120015283C /* Build configuration list for PBXNativeTarget "Reciplease" */;
			buildPhases = (
				6B0C209A265D61100015283C /* Sources */,
				6B0C209B265D61100015283C /* Frameworks */,
				6B0C209C265D61100015283C /* Resources */,
			);
			buildRules = (
			);
			dependencies = (
			);
			name = Reciplease;
			productName = Reciplease;
			productReference = 6B0C209E265D61100015283C /* Reciplease.app */;
			productType = "com.apple.product-type.application";
		};
		6B0C20B6265D61120015283C /* RecipleaseTests */ = {
			isa = PBXNativeTarget;
			buildConfigurationList = 6B0C20CE265D61120015283C /* Build configuration list for PBXNativeTarget "RecipleaseTests" */;
			buildPhases = (
				6B0C20B3265D61120015283C /* Sources */,
				6B0C20B4265D61120015283C /* Frameworks */,
				6B0C20B5265D61120015283C /* Resources */,
			);
			buildRules = (
			);
			dependencies = (
				6B0C20B9265D61120015283C /* PBXTargetDependency */,
			);
			name = RecipleaseTests;
			productName = RecipleaseTests;
			productReference = 6B0C20B7265D61120015283C /* RecipleaseTests.xctest */;
			productType = "com.apple.product-type.bundle.unit-test";
		};
		6B0C20C1265D61120015283C /* RecipleaseUITests */ = {
			isa = PBXNativeTarget;
			buildConfigurationList = 6B0C20D1265D61120015283C /* Build configuration list for PBXNativeTarget "RecipleaseUITests" */;
			buildPhases = (
				6B0C20BE265D61120015283C /* Sources */,
				6B0C20BF265D61120015283C /* Frameworks */,
				6B0C20C0265D61120015283C /* Resources */,
			);
			buildRules = (
			);
			dependencies = (
				6B0C20C4265D61120015283C /* PBXTargetDependency */,
			);
			name = RecipleaseUITests;
			productName = RecipleaseUITests;
			productReference = 6B0C20C2265D61120015283C /* RecipleaseUITests.xctest */;
			productType = "com.apple.product-type.bundle.ui-testing";
		};
/* End PBXNativeTarget section */

/* Begin PBXProject section */
		6B0C2096265D61100015283C /* Project object */ = {
			isa = PBXProject;
			attributes = {
				LastSwiftUpdateCheck = 1250;
				LastUpgradeCheck = 1250;
				TargetAttributes = {
					6B0C209D265D61100015283C = {
						CreatedOnToolsVersion = 12.5;
					};
					6B0C20B6265D61120015283C = {
						CreatedOnToolsVersion = 12.5;
						TestTargetID = 6B0C209D265D61100015283C;
					};
					6B0C20C1265D61120015283C = {
						CreatedOnToolsVersion = 12.5;
						TestTargetID = 6B0C209D265D61100015283C;
					};
				};
			};
			buildConfigurationList = 6B0C2099265D61100015283C /* Build configuration list for PBXProject "Reciplease" */;
			compatibilityVersion = "Xcode 9.3";
			developmentRegion = en;
			hasScannedForEncodings = 0;
			knownRegions = (
				en,
				Base,
			);
			mainGroup = 6B0C2095265D61100015283C;
			productRefGroup = 6B0C209F265D61100015283C /* Products */;
			projectDirPath = "";
			projectRoot = "";
			targets = (
				6B0C209D265D61100015283C /* Reciplease */,
				6B0C20B6265D61120015283C /* RecipleaseTests */,
				6B0C20C1265D61120015283C /* RecipleaseUITests */,
			);
		};
/* End PBXProject section */

/* Begin PBXResourcesBuildPhase section */
		6B0C209C265D61100015283C /* Resources */ = {
			isa = PBXResourcesBuildPhase;
			buildActionMask = 2147483647;
			files = (
				6B0C20DB265D65FF0015283C /* Montserrat-Regular.ttf in Resources */,
				6B0C20B1265D61110015283C /* LaunchScreen.storyboard in Resources */,
				6B0C20AE265D61110015283C /* Assets.xcassets in Resources */,
				6B0C20A9265D61100015283C /* Main.storyboard in Resources */,
				6B0C20DD265D67290015283C /* Montserrat-SemiBold.ttf in Resources */,
			);
			runOnlyForDeploymentPostprocessing = 0;
		};
		6B0C20B5265D61120015283C /* Resources */ = {
			isa = PBXResourcesBuildPhase;
			buildActionMask = 2147483647;
			files = (
			);
			runOnlyForDeploymentPostprocessing = 0;
		};
		6B0C20C0265D61120015283C /* Resources */ = {
			isa = PBXResourcesBuildPhase;
			buildActionMask = 2147483647;
			files = (
			);
			runOnlyForDeploymentPostprocessing = 0;
		};
/* End PBXResourcesBuildPhase section */

/* Begin PBXSourcesBuildPhase section */
		6B0C209A265D61100015283C /* Sources */ = {
			isa = PBXSourcesBuildPhase;
			buildActionMask = 2147483647;
			files = (
				6B6BE16A265EA3A100F3B95F /* RecipeListViewController.swift in Sources */,
				6B7946C426711AF20050318B /* RecipeCoreData+CoreDataClass.swift in Sources */,
				6B0C20E3265D9E080015283C /* IngredientCell.swift in Sources */,
				6B0C20E5265DA59C0015283C /* ListCustomView.swift in Sources */,
				6B0C20DF265D6BA10015283C /* SearchViewController.swift in Sources */,
				6B8820432667DBFF00300256 /* SearchService.swift in Sources */,
				6B8820412667DAFC00300256 /* Search.swift in Sources */,
				6B0C20AC265D61100015283C /* Reciplease.xcdatamodeld in Sources */,
				6BA0D560265EBDBF00C6DBB1 /* RecipeViewController.swift in Sources */,
				6B0C20E1265D83720015283C /* CustomUIButton.swift in Sources */,
				6B882039266783D000300256 /* ViewController.swift in Sources */,
				6B0C20A2265D61100015283C /* AppDelegate.swift in Sources */,
				6B0C20A4265D61100015283C /* SceneDelegate.swift in Sources */,
				6B475328265E9EF800D977A0 /* RecipeListCell.swift in Sources */,
				6B7946C726711B570050318B /* Recipe.swift in Sources */,
				6B88203B2667D5D900300256 /* RecipeList.swift in Sources */,
				6B88203D2667D7D400300256 /* RecipeSearchProtocol.swift in Sources */,
			);
			runOnlyForDeploymentPostprocessing = 0;
		};
		6B0C20B3265D61120015283C /* Sources */ = {
			isa = PBXSourcesBuildPhase;
			buildActionMask = 2147483647;
			files = (
				6B0C20BC265D61120015283C /* RecipleaseTests.swift in Sources */,
				6B88203F2667D81900300256 /* MockSearchService.swift in Sources */,
			);
			runOnlyForDeploymentPostprocessing = 0;
		};
		6B0C20BE265D61120015283C /* Sources */ = {
			isa = PBXSourcesBuildPhase;
			buildActionMask = 2147483647;
			files = (
				6B0C20C7265D61120015283C /* RecipleaseUITests.swift in Sources */,
			);
			runOnlyForDeploymentPostprocessing = 0;
		};
/* End PBXSourcesBuildPhase section */

/* Begin PBXTargetDependency section */
		6B0C20B9265D61120015283C /* PBXTargetDependency */ = {
			isa = PBXTargetDependency;
			target = 6B0C209D265D61100015283C /* Reciplease */;
			targetProxy = 6B0C20B8265D61120015283C /* PBXContainerItemProxy */;
		};
		6B0C20C4265D61120015283C /* PBXTargetDependency */ = {
			isa = PBXTargetDependency;
			target = 6B0C209D265D61100015283C /* Reciplease */;
			targetProxy = 6B0C20C3265D61120015283C /* PBXContainerItemProxy */;
		};
/* End PBXTargetDependency section */

/* Begin PBXVariantGroup section */
		6B0C20A7265D61100015283C /* Main.storyboard */ = {
			isa = PBXVariantGroup;
			children = (
				6B0C20A8265D61100015283C /* Base */,
			);
			name = Main.storyboard;
			sourceTree = "<group>";
		};
		6B0C20AF265D61110015283C /* LaunchScreen.storyboard */ = {
			isa = PBXVariantGroup;
			children = (
				6B0C20B0265D61110015283C /* Base */,
			);
			name = LaunchScreen.storyboard;
			sourceTree = "<group>";
		};
/* End PBXVariantGroup section */

/* Begin XCBuildConfiguration section */
		6B0C20C9265D61120015283C /* Debug */ = {
			isa = XCBuildConfiguration;
			buildSettings = {
				ALWAYS_SEARCH_USER_PATHS = NO;
				CLANG_ANALYZER_NONNULL = YES;
				CLANG_ANALYZER_NUMBER_OBJECT_CONVERSION = YES_AGGRESSIVE;
				CLANG_CXX_LANGUAGE_STANDARD = "gnu++14";
				CLANG_CXX_LIBRARY = "libc++";
				CLANG_ENABLE_MODULES = YES;
				CLANG_ENABLE_OBJC_ARC = YES;
				CLANG_ENABLE_OBJC_WEAK = YES;
				CLANG_WARN_BLOCK_CAPTURE_AUTORELEASING = YES;
				CLANG_WARN_BOOL_CONVERSION = YES;
				CLANG_WARN_COMMA = YES;
				CLANG_WARN_CONSTANT_CONVERSION = YES;
				CLANG_WARN_DEPRECATED_OBJC_IMPLEMENTATIONS = YES;
				CLANG_WARN_DIRECT_OBJC_ISA_USAGE = YES_ERROR;
				CLANG_WARN_DOCUMENTATION_COMMENTS = YES;
				CLANG_WARN_EMPTY_BODY = YES;
				CLANG_WARN_ENUM_CONVERSION = YES;
				CLANG_WARN_INFINITE_RECURSION = YES;
				CLANG_WARN_INT_CONVERSION = YES;
				CLANG_WARN_NON_LITERAL_NULL_CONVERSION = YES;
				CLANG_WARN_OBJC_IMPLICIT_RETAIN_SELF = YES;
				CLANG_WARN_OBJC_LITERAL_CONVERSION = YES;
				CLANG_WARN_OBJC_ROOT_CLASS = YES_ERROR;
				CLANG_WARN_QUOTED_INCLUDE_IN_FRAMEWORK_HEADER = YES;
				CLANG_WARN_RANGE_LOOP_ANALYSIS = YES;
				CLANG_WARN_STRICT_PROTOTYPES = YES;
				CLANG_WARN_SUSPICIOUS_MOVE = YES;
				CLANG_WARN_UNGUARDED_AVAILABILITY = YES_AGGRESSIVE;
				CLANG_WARN_UNREACHABLE_CODE = YES;
				CLANG_WARN__DUPLICATE_METHOD_MATCH = YES;
				COPY_PHASE_STRIP = NO;
				DEBUG_INFORMATION_FORMAT = dwarf;
				ENABLE_STRICT_OBJC_MSGSEND = YES;
				ENABLE_TESTABILITY = YES;
				GCC_C_LANGUAGE_STANDARD = gnu11;
				GCC_DYNAMIC_NO_PIC = NO;
				GCC_NO_COMMON_BLOCKS = YES;
				GCC_OPTIMIZATION_LEVEL = 0;
				GCC_PREPROCESSOR_DEFINITIONS = (
					"DEBUG=1",
					"$(inherited)",
				);
				GCC_WARN_64_TO_32_BIT_CONVERSION = YES;
				GCC_WARN_ABOUT_RETURN_TYPE = YES_ERROR;
				GCC_WARN_UNDECLARED_SELECTOR = YES;
				GCC_WARN_UNINITIALIZED_AUTOS = YES_AGGRESSIVE;
				GCC_WARN_UNUSED_FUNCTION = YES;
				GCC_WARN_UNUSED_VARIABLE = YES;
				IPHONEOS_DEPLOYMENT_TARGET = 14.5;
				MTL_ENABLE_DEBUG_INFO = INCLUDE_SOURCE;
				MTL_FAST_MATH = YES;
				ONLY_ACTIVE_ARCH = YES;
				SDKROOT = iphoneos;
				SWIFT_ACTIVE_COMPILATION_CONDITIONS = DEBUG;
				SWIFT_OPTIMIZATION_LEVEL = "-Onone";
			};
			name = Debug;
		};
		6B0C20CA265D61120015283C /* Release */ = {
			isa = XCBuildConfiguration;
			buildSettings = {
				ALWAYS_SEARCH_USER_PATHS = NO;
				CLANG_ANALYZER_NONNULL = YES;
				CLANG_ANALYZER_NUMBER_OBJECT_CONVERSION = YES_AGGRESSIVE;
				CLANG_CXX_LANGUAGE_STANDARD = "gnu++14";
				CLANG_CXX_LIBRARY = "libc++";
				CLANG_ENABLE_MODULES = YES;
				CLANG_ENABLE_OBJC_ARC = YES;
				CLANG_ENABLE_OBJC_WEAK = YES;
				CLANG_WARN_BLOCK_CAPTURE_AUTORELEASING = YES;
				CLANG_WARN_BOOL_CONVERSION = YES;
				CLANG_WARN_COMMA = YES;
				CLANG_WARN_CONSTANT_CONVERSION = YES;
				CLANG_WARN_DEPRECATED_OBJC_IMPLEMENTATIONS = YES;
				CLANG_WARN_DIRECT_OBJC_ISA_USAGE = YES_ERROR;
				CLANG_WARN_DOCUMENTATION_COMMENTS = YES;
				CLANG_WARN_EMPTY_BODY = YES;
				CLANG_WARN_ENUM_CONVERSION = YES;
				CLANG_WARN_INFINITE_RECURSION = YES;
				CLANG_WARN_INT_CONVERSION = YES;
				CLANG_WARN_NON_LITERAL_NULL_CONVERSION = YES;
				CLANG_WARN_OBJC_IMPLICIT_RETAIN_SELF = YES;
				CLANG_WARN_OBJC_LITERAL_CONVERSION = YES;
				CLANG_WARN_OBJC_ROOT_CLASS = YES_ERROR;
				CLANG_WARN_QUOTED_INCLUDE_IN_FRAMEWORK_HEADER = YES;
				CLANG_WARN_RANGE_LOOP_ANALYSIS = YES;
				CLANG_WARN_STRICT_PROTOTYPES = YES;
				CLANG_WARN_SUSPICIOUS_MOVE = YES;
				CLANG_WARN_UNGUARDED_AVAILABILITY = YES_AGGRESSIVE;
				CLANG_WARN_UNREACHABLE_CODE = YES;
				CLANG_WARN__DUPLICATE_METHOD_MATCH = YES;
				COPY_PHASE_STRIP = NO;
				DEBUG_INFORMATION_FORMAT = "dwarf-with-dsym";
				ENABLE_NS_ASSERTIONS = NO;
				ENABLE_STRICT_OBJC_MSGSEND = YES;
				GCC_C_LANGUAGE_STANDARD = gnu11;
				GCC_NO_COMMON_BLOCKS = YES;
				GCC_WARN_64_TO_32_BIT_CONVERSION = YES;
				GCC_WARN_ABOUT_RETURN_TYPE = YES_ERROR;
				GCC_WARN_UNDECLARED_SELECTOR = YES;
				GCC_WARN_UNINITIALIZED_AUTOS = YES_AGGRESSIVE;
				GCC_WARN_UNUSED_FUNCTION = YES;
				GCC_WARN_UNUSED_VARIABLE = YES;
				IPHONEOS_DEPLOYMENT_TARGET = 14.5;
				MTL_ENABLE_DEBUG_INFO = NO;
				MTL_FAST_MATH = YES;
				SDKROOT = iphoneos;
				SWIFT_COMPILATION_MODE = wholemodule;
				SWIFT_OPTIMIZATION_LEVEL = "-O";
				VALIDATE_PRODUCT = YES;
			};
			name = Release;
		};
		6B0C20CC265D61120015283C /* Debug */ = {
			isa = XCBuildConfiguration;
			buildSettings = {
				ASSETCATALOG_COMPILER_APPICON_NAME = AppIcon;
				ASSETCATALOG_COMPILER_GLOBAL_ACCENT_COLOR_NAME = AccentColor;
				CODE_SIGN_STYLE = Automatic;
				DEVELOPMENT_TEAM = 9S2GW6G25E;
				INFOPLIST_FILE = Reciplease/Info.plist;
				LD_RUNPATH_SEARCH_PATHS = (
					"$(inherited)",
					"@executable_path/Frameworks",
				);
				PRODUCT_BUNDLE_IDENTIFIER = com.simonDahan.Reciplease;
				PRODUCT_NAME = "$(TARGET_NAME)";
				SWIFT_VERSION = 5.0;
				TARGETED_DEVICE_FAMILY = 1;
			};
			name = Debug;
		};
		6B0C20CD265D61120015283C /* Release */ = {
			isa = XCBuildConfiguration;
			buildSettings = {
				ASSETCATALOG_COMPILER_APPICON_NAME = AppIcon;
				ASSETCATALOG_COMPILER_GLOBAL_ACCENT_COLOR_NAME = AccentColor;
				CODE_SIGN_STYLE = Automatic;
				DEVELOPMENT_TEAM = 9S2GW6G25E;
				INFOPLIST_FILE = Reciplease/Info.plist;
				LD_RUNPATH_SEARCH_PATHS = (
					"$(inherited)",
					"@executable_path/Frameworks",
				);
				PRODUCT_BUNDLE_IDENTIFIER = com.simonDahan.Reciplease;
				PRODUCT_NAME = "$(TARGET_NAME)";
				SWIFT_VERSION = 5.0;
				TARGETED_DEVICE_FAMILY = 1;
			};
			name = Release;
		};
		6B0C20CF265D61120015283C /* Debug */ = {
			isa = XCBuildConfiguration;
			buildSettings = {
				ALWAYS_EMBED_SWIFT_STANDARD_LIBRARIES = YES;
				BUNDLE_LOADER = "$(TEST_HOST)";
				CODE_SIGN_STYLE = Automatic;
				DEVELOPMENT_TEAM = 9S2GW6G25E;
				INFOPLIST_FILE = RecipleaseTests/Info.plist;
				IPHONEOS_DEPLOYMENT_TARGET = 14.5;
				LD_RUNPATH_SEARCH_PATHS = (
					"$(inherited)",
					"@executable_path/Frameworks",
					"@loader_path/Frameworks",
				);
				PRODUCT_BUNDLE_IDENTIFIER = com.simonDahan.RecipleaseTests;
				PRODUCT_NAME = "$(TARGET_NAME)";
				SWIFT_VERSION = 5.0;
				TARGETED_DEVICE_FAMILY = "1,2";
				TEST_HOST = "$(BUILT_PRODUCTS_DIR)/Reciplease.app/Reciplease";
			};
			name = Debug;
		};
		6B0C20D0265D61120015283C /* Release */ = {
			isa = XCBuildConfiguration;
			buildSettings = {
				ALWAYS_EMBED_SWIFT_STANDARD_LIBRARIES = YES;
				BUNDLE_LOADER = "$(TEST_HOST)";
				CODE_SIGN_STYLE = Automatic;
				DEVELOPMENT_TEAM = 9S2GW6G25E;
				INFOPLIST_FILE = RecipleaseTests/Info.plist;
				IPHONEOS_DEPLOYMENT_TARGET = 14.5;
				LD_RUNPATH_SEARCH_PATHS = (
					"$(inherited)",
					"@executable_path/Frameworks",
					"@loader_path/Frameworks",
				);
				PRODUCT_BUNDLE_IDENTIFIER = com.simonDahan.RecipleaseTests;
				PRODUCT_NAME = "$(TARGET_NAME)";
				SWIFT_VERSION = 5.0;
				TARGETED_DEVICE_FAMILY = "1,2";
				TEST_HOST = "$(BUILT_PRODUCTS_DIR)/Reciplease.app/Reciplease";
			};
			name = Release;
		};
		6B0C20D2265D61120015283C /* Debug */ = {
			isa = XCBuildConfiguration;
			buildSettings = {
				ALWAYS_EMBED_SWIFT_STANDARD_LIBRARIES = YES;
				CODE_SIGN_STYLE = Automatic;
				DEVELOPMENT_TEAM = 9S2GW6G25E;
				INFOPLIST_FILE = RecipleaseUITests/Info.plist;
				LD_RUNPATH_SEARCH_PATHS = (
					"$(inherited)",
					"@executable_path/Frameworks",
					"@loader_path/Frameworks",
				);
				PRODUCT_BUNDLE_IDENTIFIER = com.simonDahan.RecipleaseUITests;
				PRODUCT_NAME = "$(TARGET_NAME)";
				SWIFT_VERSION = 5.0;
				TARGETED_DEVICE_FAMILY = "1,2";
				TEST_TARGET_NAME = Reciplease;
			};
			name = Debug;
		};
		6B0C20D3265D61120015283C /* Release */ = {
			isa = XCBuildConfiguration;
			buildSettings = {
				ALWAYS_EMBED_SWIFT_STANDARD_LIBRARIES = YES;
				CODE_SIGN_STYLE = Automatic;
				DEVELOPMENT_TEAM = 9S2GW6G25E;
				INFOPLIST_FILE = RecipleaseUITests/Info.plist;
				LD_RUNPATH_SEARCH_PATHS = (
					"$(inherited)",
					"@executable_path/Frameworks",
					"@loader_path/Frameworks",
				);
				PRODUCT_BUNDLE_IDENTIFIER = com.simonDahan.RecipleaseUITests;
				PRODUCT_NAME = "$(TARGET_NAME)";
				SWIFT_VERSION = 5.0;
				TARGETED_DEVICE_FAMILY = "1,2";
				TEST_TARGET_NAME = Reciplease;
			};
			name = Release;
		};
/* End XCBuildConfiguration section */

/* Begin XCConfigurationList section */
		6B0C2099265D61100015283C /* Build configuration list for PBXProject "Reciplease" */ = {
			isa = XCConfigurationList;
			buildConfigurations = (
				6B0C20C9265D61120015283C /* Debug */,
				6B0C20CA265D61120015283C /* Release */,
			);
			defaultConfigurationIsVisible = 0;
			defaultConfigurationName = Release;
		};
		6B0C20CB265D61120015283C /* Build configuration list for PBXNativeTarget "Reciplease" */ = {
			isa = XCConfigurationList;
			buildConfigurations = (
				6B0C20CC265D61120015283C /* Debug */,
				6B0C20CD265D61120015283C /* Release */,
			);
			defaultConfigurationIsVisible = 0;
			defaultConfigurationName = Release;
		};
		6B0C20CE265D61120015283C /* Build configuration list for PBXNativeTarget "RecipleaseTests" */ = {
			isa = XCConfigurationList;
			buildConfigurations = (
				6B0C20CF265D61120015283C /* Debug */,
				6B0C20D0265D61120015283C /* Release */,
			);
			defaultConfigurationIsVisible = 0;
			defaultConfigurationName = Release;
		};
		6B0C20D1265D61120015283C /* Build configuration list for PBXNativeTarget "RecipleaseUITests" */ = {
			isa = XCConfigurationList;
			buildConfigurations = (
				6B0C20D2265D61120015283C /* Debug */,
				6B0C20D3265D61120015283C /* Release */,
			);
			defaultConfigurationIsVisible = 0;
			defaultConfigurationName = Release;
		};
/* End XCConfigurationList section */

/* Begin XCVersionGroup section */
		6B0C20AA265D61100015283C /* Reciplease.xcdatamodeld */ = {
			isa = XCVersionGroup;
			children = (
				6B0C20AB265D61100015283C /* Reciplease.xcdatamodel */,
			);
			currentVersion = 6B0C20AB265D61100015283C /* Reciplease.xcdatamodel */;
			path = Reciplease.xcdatamodeld;
			sourceTree = "<group>";
			versionGroupType = wrapper.xcdatamodel;
		};
/* End XCVersionGroup section */
	};
	rootObject = 6B0C2096265D61100015283C /* Project object */;
}
